
Microsoft Visual Studio Solution File, Format Version 12.00
# Visual Studio Version 17
VisualStudioVersion = 17.11.35208.52
MinimumVisualStudioVersion = 10.0.40219.1
Project("{FAE04EC0-301F-11D3-BF4B-00C04F79EFBC}") = "collabMDK", "collabMDK\collabMDK.csproj", "{BD17B1EB-FD2D-4D75-92D6-FDD166B738B6}"
EndProject
Global
	GlobalSection(SolutionConfigurationPlatforms) = preSolution
		Debug|Any CPU = Debug|Any CPU
		Release|Any CPU = Release|Any CPU
	EndGlobalSection
	GlobalSection(ProjectConfigurationPlatforms) = postSolution
		{BD17B1EB-FD2D-4D75-92D6-FDD166B738B6}.Debug|Any CPU.ActiveCfg = Debug|Any CPU
		{BD17B1EB-FD2D-4D75-92D6-FDD166B738B6}.Debug|Any CPU.Build.0 = Debug|Any CPU
		{BD17B1EB-FD2D-4D75-92D6-FDD166B738B6}.Release|Any CPU.ActiveCfg = Release|Any CPU
		{BD17B1EB-FD2D-4D75-92D6-FDD166B738B6}.Release|Any CPU.Build.0 = Release|Any CPU
	EndGlobalSection
	GlobalSection(SolutionProperties) = preSolution
		HideSolutionNode = FALSE
	EndGlobalSection
	GlobalSection(ExtensibilityGlobals) = postSolution
		SolutionGuid = {901CD167-631C-4DB0-BEF7-8458DFFEDA17}
	EndGlobalSection
EndGlobal
